PODS:
  - Alamofire (4.9.1)
  - Kingfisher (4.10.1)

DEPENDENCIES:
  - Alamofire (~> 4.7)
  - Kingfisher (~> 4.0)

SPEC REPOS:
  trunk:
    - Alamofire
    - Kingfisher

SPEC CHECKSUMS:
  Alamofire: 85e8a02c69d6020a0d734f6054870d7ecb75cf18
  Kingfisher: c148cd7b47ebde9989f6bc7c27dcaa79d81279a0

PODFILE CHECKSUM: 8446c228ca49ca1a8f12d4e5820d1452c58d5314

COCOAPODS: 1.11.2
