// !$*UTF8*$!
{
	archiveVersion = 1;
	classes = {
	};
	objectVersion = 55;
	objects = {

/* Begin PBXBuildFile section */
		864B83AD28B3D2F500926C4D /* AppDelegate.swift in Sources */ = {isa = PBXBuildFile; fileRef = 864B83AC28B3D2F500926C4D /* AppDelegate.swift */; };
		864B83AF28B3D2F500926C4D /* SceneDelegate.swift in Sources */ = {isa = PBXBuildFile; fileRef = 864B83AE28B3D2F500926C4D /* SceneDelegate.swift */; };
		864B83B428B3D2F500926C4D /* Main.storyboard in Resources */ = {isa = PBXBuildFile; fileRef = 864B83B228B3D2F500926C4D /* Main.storyboard */; };
		864B83B628B3D2FA00926C4D /* Assets.xcassets in Resources */ = {isa = PBXBuildFile; fileRef = 864B83B528B3D2FA00926C4D /* Assets.xcassets */; };
		864B83B928B3D2FA00926C4D /* LaunchScreen.storyboard in Resources */ = {isa = PBXBuildFile; fileRef = 864B83B728B3D2FA00926C4D /* LaunchScreen.storyboard */; };
		864B83C328B3D61600926C4D /* NewsViewController.swift in Sources */ = {isa = PBXBuildFile; fileRef = 864B83C228B3D61600926C4D /* NewsViewController.swift */; };
		864B83C528B512CB00926C4D /* Article.swift in Sources */ = {isa = PBXBuildFile; fileRef = 864B83C428B512CB00926C4D /* Article.swift */; };
		864B83C728B513AE00926C4D /* ArticleCell.swift in Sources */ = {isa = PBXBuildFile; fileRef = 864B83C628B513AE00926C4D /* ArticleCell.swift */; };
/* End PBXBuildFile section */

/* Begin PBXFileReference section */
		864B83A928B3D2F500926C4D /* Newsly.app */ = {isa = PBXFileReference; explicitFileType = wrapper.application; includeInIndex = 0; path = Newsly.app; sourceTree = BUILT_PRODUCTS_DIR; };
		864B83AC28B3D2F500926C4D /* AppDelegate.swift */ = {isa = PBXFileReference; lastKnownFileType = sourcecode.swift; path = AppDelegate.swift; sourceTree = "<group>"; };
		864B83AE28B3D2F500926C4D /* SceneDelegate.swift */ = {isa = PBXFileReference; lastKnownFileType = sourcecode.swift; path = SceneDelegate.swift; sourceTree = "<group>"; };
		864B83B328B3D2F500926C4D /* Base */ = {isa = PBXFileReference; lastKnownFileType = file.storyboard; name = Base; path = Base.lproj/Main.storyboard; sourceTree = "<group>"; };
		864B83B528B3D2FA00926C4D /* Assets.xcassets */ = {isa = PBXFileReference; lastKnownFileType = folder.assetcatalog; path = Assets.xcassets; sourceTree = "<group>"; };
		864B83B828B3D2FA00926C4D /* Base */ = {isa = PBXFileReference; lastKnownFileType = file.storyboard; name = Base; path = Base.lproj/LaunchScreen.storyboard; sourceTree = "<group>"; };
		864B83BA28B3D2FA00926C4D /* Info.plist */ = {isa = PBXFileReference; lastKnownFileType = text.plist.xml; path = Info.plist; sourceTree = "<group>"; };
		864B83C228B3D61600926C4D /* NewsViewController.swift */ = {isa = PBXFileReference; lastKnownFileType = sourcecode.swift; path = NewsViewController.swift; sourceTree = "<group>"; };
		864B83C428B512CB00926C4D /* Article.swift */ = {isa = PBXFileReference; lastKnownFileType = sourcecode.swift; path = Article.swift; sourceTree = "<group>"; };
		864B83C628B513AE00926C4D /* ArticleCell.swift */ = {isa = PBXFileReference; lastKnownFileType = sourcecode.swift; path = ArticleCell.swift; sourceTree = "<group>"; };
/* End PBXFileReference section */

/* Begin PBXFrameworksBuildPhase section */
		864B83A628B3D2F500926C4D /* Frameworks */ = {
			isa = PBXFrameworksBuildPhase;
			buildActionMask = 2147483647;
			files = (
			);
			runOnlyForDeploymentPostprocessing = 0;
		};
/* End PBXFrameworksBuildPhase section */

/* Begin PBXGroup section */
		864B83A028B3D2F500926C4D = {
			isa = PBXGroup;
			children = (
				864B83AB28B3D2F500926C4D /* Newsly */,
				864B83AA28B3D2F500926C4D /* Products */,
			);
			sourceTree = "<group>";
		};
		864B83AA28B3D2F500926C4D /* Products */ = {
			isa = PBXGroup;
			children = (
				864B83A928B3D2F500926C4D /* Newsly.app */,
			);
			name = Products;
			sourceTree = "<group>";
		};
		864B83AB28B3D2F500926C4D /* Newsly */ = {
			isa = PBXGroup;
			children = (
				864B83AC28B3D2F500926C4D /* AppDelegate.swift */,
				864B83AE28B3D2F500926C4D /* SceneDelegate.swift */,
				864B83C228B3D61600926C4D /* NewsViewController.swift */,
				864B83C628B513AE00926C4D /* ArticleCell.swift */,
				864B83C428B512CB00926C4D /* Article.swift */,
				864B83B228B3D2F500926C4D /* Main.storyboard */,
				864B83B528B3D2FA00926C4D /* Assets.xcassets */,
				864B83B728B3D2FA00926C4D /* LaunchScreen.storyboard */,
				864B83BA28B3D2FA00926C4D /* Info.plist */,
			);
			path = Newsly;
			sourceTree = "<group>";
		};
/* End PBXGroup section */

/* Begin PBXNativeTarget section */
		864B83A828B3D2F500926C4D /* Newsly */ = {
			isa = PBXNativeTarget;
			buildConfigurationList = 864B83BD28B3D2FA00926C4D /* Build configuration list for PBXNativeTarget "Newsly" */;
			buildPhases = (
				864B83A528B3D2F500926C4D /* Sources */,
				864B83A628B3D2F500926C4D /* Frameworks */,
				864B83A728B3D2F500926C4D /* Resources */,
			);
			buildRules = (
			);
			dependencies = (
			);
			name = Newsly;
			productName = Newsly;
			productReference = 864B83A928B3D2F500926C4D /* Newsly.app */;
			productType = "com.apple.product-type.application";
		};
/* End PBXNativeTarget section */

/* Begin PBXProject section */
		864B83A128B3D2F500926C4D /* Project object */ = {
			isa = PBXProject;
			attributes = {
				BuildIndependentTargetsInParallel = 1;
				LastSwiftUpdateCheck = 1340;
				LastUpgradeCheck = 1340;
				TargetAttributes = {
					864B83A828B3D2F500926C4D = {
						CreatedOnToolsVersion = 13.4.1;
					};
				};
			};
			buildConfigurationList = 864B83A428B3D2F500926C4D /* Build configuration list for PBXProject "Newsly" */;
			compatibilityVersion = "Xcode 13.0";
			developmentRegion = en;
			hasScannedForEncodings = 0;
			knownRegions = (
				en,
				Base,
			);
			mainGroup = 864B83A028B3D2F500926C4D;
			productRefGroup = 864B83AA28B3D2F500926C4D /* Products */;
			projectDirPath = "";
			projectRoot = "";
			targets = (
				864B83A828B3D2F500926C4D /* Newsly */,
			);
		};
/* End PBXProject section */

/* Begin PBXResourcesBuildPhase section */
		864B83A728B3D2F500926C4D /* Resources */ = {
			isa = PBXResourcesBuildPhase;
			buildActionMask = 2147483647;
			files = (
				864B83B928B3D2FA00926C4D /* LaunchScreen.storyboard in Resources */,
				864B83B628B3D2FA00926C4D /* Assets.xcassets in Resources */,
				864B83B428B3D2F500926C4D /* Main.storyboard in Resources */,
			);
			runOnlyForDeploymentPostprocessing = 0;
		};
/* End PBXResourcesBuildPhase section */

/* Begin PBXSourcesBuildPhase section */
		864B83A528B3D2F500926C4D /* Sources */ = {
			isa = PBXSourcesBuildPhase;
			buildActionMask = 2147483647;
			files = (
				864B83C528B512CB00926C4D /* Article.swift in Sources */,
				864B83C328B3D61600926C4D /* NewsViewController.swift in Sources */,
				864B83AD28B3D2F500926C4D /* AppDelegate.swift in Sources */,
				864B83C728B513AE00926C4D /* ArticleCell.swift in Sources */,
				864B83AF28B3D2F500926C4D /* SceneDelegate.swift in Sources */,
			);
			runOnlyForDeploymentPostprocessing = 0;
		};
/* End PBXSourcesBuildPhase section */

/* Begin PBXVariantGroup section */
		864B83B228B3D2F500926C4D /* Main.storyboard */ = {
			isa = PBXVariantGroup;
			children = (
				864B83B328B3D2F500926C4D /* Base */,
			);
			name = Main.storyboard;
			sourceTree = "<group>";
		};
		864B83B728B3D2FA00926C4D /* LaunchScreen.storyboard */ = {
			isa = PBXVariantGroup;
			children = (
				864B83B828B3D2FA00926C4D /* Base */,
			);
			name = LaunchScreen.storyboard;
			sourceTree = "<group>";
		};
/* End PBXVariantGroup section */

/* Begin XCBuildConfiguration section */
		864B83BB28B3D2FA00926C4D /* Debug */ = {
			isa = XCBuildConfiguration;
			buildSettings = {
				ALWAYS_SEARCH_USER_PATHS = NO;
				CLANG_ANALYZER_NONNULL = YES;
				CLANG_ANALYZER_NUMBER_OBJECT_CONVERSION = YES_AGGRESSIVE;
				CLANG_CXX_LANGUAGE_STANDARD = "gnu++17";
				CLANG_ENABLE_MODULES = YES;
				CLANG_ENABLE_OBJC_ARC = YES;
				CLANG_ENABLE_OBJC_WEAK = YES;
				CLANG_WARN_BLOCK_CAPTURE_AUTORELEASING = YES;
				CLANG_WARN_BOOL_CONVERSION = YES;
				CLANG_WARN_COMMA = YES;
				CLANG_WARN_CONSTANT_CONVERSION = YES;
				CLANG_WARN_DEPRECATED_OBJC_IMPLEMENTATIONS = YES;
				CLANG_WARN_DIRECT_OBJC_ISA_USAGE = YES_ERROR;
				CLANG_WARN_DOCUMENTATION_COMMENTS = YES;
				CLANG_WARN_EMPTY_BODY = YES;
				CLANG_WARN_ENUM_CONVERSION = YES;
				CLANG_WARN_INFINITE_RECURSION = YES;
				CLANG_WARN_INT_CONVERSION = YES;
				CLANG_WARN_NON_LITERAL_NULL_CONVERSION = YES;
				CLANG_WARN_OBJC_IMPLICIT_RETAIN_SELF = YES;
				CLANG_WARN_OBJC_LITERAL_CONVERSION = YES;
				CLANG_WARN_OBJC_ROOT_CLASS = YES_ERROR;
				CLANG_WARN_QUOTED_INCLUDE_IN_FRAMEWORK_HEADER = YES;
				CLANG_WARN_RANGE_LOOP_ANALYSIS = YES;
				CLANG_WARN_STRICT_PROTOTYPES = YES;
				CLANG_WARN_SUSPICIOUS_MOVE = YES;
				CLANG_WARN_UNGUARDED_AVAILABILITY = YES_AGGRESSIVE;
				CLANG_WARN_UNREACHABLE_CODE = YES;
				CLANG_WARN__DUPLICATE_METHOD_MATCH = YES;
				COPY_PHASE_STRIP = NO;
				DEBUG_INFORMATION_FORMAT = dwarf;
				ENABLE_STRICT_OBJC_MSGSEND = YES;
				ENABLE_TESTABILITY = YES;
				GCC_C_LANGUAGE_STANDARD = gnu11;
				GCC_DYNAMIC_NO_PIC = NO;
				GCC_NO_COMMON_BLOCKS = YES;
				GCC_OPTIMIZATION_LEVEL = 0;
				GCC_PREPROCESSOR_DEFINITIONS = (
					"DEBUG=1",
					"$(inherited)",
				);
				GCC_WARN_64_TO_32_BIT_CONVERSION = YES;
				GCC_WARN_ABOUT_RETURN_TYPE = YES_ERROR;
				GCC_WARN_UNDECLARED_SELECTOR = YES;
				GCC_WARN_UNINITIALIZED_AUTOS = YES_AGGRESSIVE;
				GCC_WARN_UNUSED_FUNCTION = YES;
				GCC_WARN_UNUSED_VARIABLE = YES;
				IPHONEOS_DEPLOYMENT_TARGET = 15.5;
				MTL_ENABLE_DEBUG_INFO = INCLUDE_SOURCE;
				MTL_FAST_MATH = YES;
				ONLY_ACTIVE_ARCH = YES;
				SDKROOT = iphoneos;
				SWIFT_ACTIVE_COMPILATION_CONDITIONS = DEBUG;
				SWIFT_OPTIMIZATION_LEVEL = "-Onone";
			};
			name = Debug;
		};
		864B83BC28B3D2FA00926C4D /* Release */ = {
			isa = XCBuildConfiguration;
			buildSettings = {
				ALWAYS_SEARCH_USER_PATHS = NO;
				CLANG_ANALYZER_NONNULL = YES;
				CLANG_ANALYZER_NUMBER_OBJECT_CONVERSION = YES_AGGRESSIVE;
				CLANG_CXX_LANGUAGE_STANDARD = "gnu++17";
				CLANG_ENABLE_MODULES = YES;
				CLANG_ENABLE_OBJC_ARC = YES;
				CLANG_ENABLE_OBJC_WEAK = YES;
				CLANG_WARN_BLOCK_CAPTURE_AUTORELEASING = YES;
				CLANG_WARN_BOOL_CONVERSION = YES;
				CLANG_WARN_COMMA = YES;
				CLANG_WARN_CONSTANT_CONVERSION = YES;
				CLANG_WARN_DEPRECATED_OBJC_IMPLEMENTATIONS = YES;
				CLANG_WARN_DIRECT_OBJC_ISA_USAGE = YES_ERROR;
				CLANG_WARN_DOCUMENTATION_COMMENTS = YES;
				CLANG_WARN_EMPTY_BODY = YES;
				CLANG_WARN_ENUM_CONVERSION = YES;
				CLANG_WARN_INFINITE_RECURSION = YES;
				CLANG_WARN_INT_CONVERSION = YES;
				CLANG_WARN_NON_LITERAL_NULL_CONVERSION = YES;
				CLANG_WARN_OBJC_IMPLICIT_RETAIN_SELF = YES;
				CLANG_WARN_OBJC_LITERAL_CONVERSION = YES;
				CLANG_WARN_OBJC_ROOT_CLASS = YES_ERROR;
				CLANG_WARN_QUOTED_INCLUDE_IN_FRAMEWORK_HEADER = YES;
				CLANG_WARN_RANGE_LOOP_ANALYSIS = YES;
				CLANG_WARN_STRICT_PROTOTYPES = YES;
				CLANG_WARN_SUSPICIOUS_MOVE = YES;
				CLANG_WARN_UNGUARDED_AVAILABILITY = YES_AGGRESSIVE;
				CLANG_WARN_UNREACHABLE_CODE = YES;
				CLANG_WARN__DUPLICATE_METHOD_MATCH = YES;
				COPY_PHASE_STRIP = NO;
				DEBUG_INFORMATION_FORMAT = "dwarf-with-dsym";
				ENABLE_NS_ASSERTIONS = NO;
				ENABLE_STRICT_OBJC_MSGSEND = YES;
				GCC_C_LANGUAGE_STANDARD = gnu11;
				GCC_NO_COMMON_BLOCKS = YES;
				GCC_WARN_64_TO_32_BIT_CONVERSION = YES;
				GCC_WARN_ABOUT_RETURN_TYPE = YES_ERROR;
				GCC_WARN_UNDECLARED_SELECTOR = YES;
				GCC_WARN_UNINITIALIZED_AUTOS = YES_AGGRESSIVE;
				GCC_WARN_UNUSED_FUNCTION = YES;
				GCC_WARN_UNUSED_VARIABLE = YES;
				IPHONEOS_DEPLOYMENT_TARGET = 15.5;
				MTL_ENABLE_DEBUG_INFO = NO;
				MTL_FAST_MATH = YES;
				SDKROOT = iphoneos;
				SWIFT_COMPILATION_MODE = wholemodule;
				SWIFT_OPTIMIZATION_LEVEL = "-O";
				VALIDATE_PRODUCT = YES;
			};
			name = Release;
		};
		864B83BE28B3D2FA00926C4D /* Debug */ = {
			isa = XCBuildConfiguration;
			buildSettings = {
				ASSETCATALOG_COMPILER_APPICON_NAME = AppIcon;
				ASSETCATALOG_COMPILER_GLOBAL_ACCENT_COLOR_NAME = AccentColor;
				CODE_SIGN_STYLE = Automatic;
				CURRENT_PROJECT_VERSION = 1;
				DEVELOPMENT_TEAM = Q9GMKCF5AD;
				GENERATE_INFOPLIST_FILE = YES;
				INFOPLIST_FILE = Newsly/Info.plist;
				INFOPLIST_KEY_UIApplicationSupportsIndirectInputEvents = YES;
				INFOPLIST_KEY_UILaunchStoryboardName = LaunchScreen;
				INFOPLIST_KEY_UIMainStoryboardFile = Main;
				INFOPLIST_KEY_UISupportedInterfaceOrientations_iPad = "UIInterfaceOrientationPortrait UIInterfaceOrientationPortraitUpsideDown UIInterfaceOrientationLandscapeLeft UIInterfaceOrientationLandscapeRight";
				INFOPLIST_KEY_UISupportedInterfaceOrientations_iPhone = "UIInterfaceOrientationPortrait UIInterfaceOrientationLandscapeLeft UIInterfaceOrientationLandscapeRight";
				LD_RUNPATH_SEARCH_PATHS = (
					"$(inherited)",
					"@executable_path/Frameworks",
				);
				MARKETING_VERSION = 1.0;
				PRODUCT_BUNDLE_IDENTIFIER = com.michalkoks.Newsly;
				PRODUCT_NAME = "$(TARGET_NAME)";
				SWIFT_EMIT_LOC_STRINGS = YES;
				SWIFT_VERSION = 5.0;
				TARGETED_DEVICE_FAMILY = "1,2";
			};
			name = Debug;
		};
		864B83BF28B3D2FA00926C4D /* Release */ = {
			isa = XCBuildConfiguration;
			buildSettings = {
				ASSETCATALOG_COMPILER_APPICON_NAME = AppIcon;
				ASSETCATALOG_COMPILER_GLOBAL_ACCENT_COLOR_NAME = AccentColor;
				CODE_SIGN_STYLE = Automatic;
				CURRENT_PROJECT_VERSION = 1;
				DEVELOPMENT_TEAM = Q9GMKCF5AD;
				GENERATE_INFOPLIST_FILE = YES;
				INFOPLIST_FILE = Newsly/Info.plist;
				INFOPLIST_KEY_UIApplicationSupportsIndirectInputEvents = YES;
				INFOPLIST_KEY_UILaunchStoryboardName = LaunchScreen;
				INFOPLIST_KEY_UIMainStoryboardFile = Main;
				INFOPLIST_KEY_UISupportedInterfaceOrientations_iPad = "UIInterfaceOrientationPortrait UIInterfaceOrientationPortraitUpsideDown UIInterfaceOrientationLandscapeLeft UIInterfaceOrientationLandscapeRight";
				INFOPLIST_KEY_UISupportedInterfaceOrientations_iPhone = "UIInterfaceOrientationPortrait UIInterfaceOrientationLandscapeLeft UIInterfaceOrientationLandscapeRight";
				LD_RUNPATH_SEARCH_PATHS = (
					"$(inherited)",
					"@executable_path/Frameworks",
				);
				MARKETING_VERSION = 1.0;
				PRODUCT_BUNDLE_IDENTIFIER = com.michalkoks.Newsly;
				PRODUCT_NAME = "$(TARGET_NAME)";
				SWIFT_EMIT_LOC_STRINGS = YES;
				SWIFT_VERSION = 5.0;
				TARGETED_DEVICE_FAMILY = "1,2";
			};
			name = Release;
		};
/* End XCBuildConfiguration section */

/* Begin XCConfigurationList section */
		864B83A428B3D2F500926C4D /* Build configuration list for PBXProject "Newsly" */ = {
			isa = XCConfigurationList;
			buildConfigurations = (
				864B83BB28B3D2FA00926C4D /* Debug */,
				864B83BC28B3D2FA00926C4D /* Release */,
			);
			defaultConfigurationIsVisible = 0;
			defaultConfigurationName = Release;
		};
		864B83BD28B3D2FA00926C4D /* Build configuration list for PBXNativeTarget "Newsly" */ = {
			isa = XCConfigurationList;
			buildConfigurations = (
				864B83BE28B3D2FA00926C4D /* Debug */,
				864B83BF28B3D2FA00926C4D /* Release */,
			);
			defaultConfigurationIsVisible = 0;
			defaultConfigurationName = Release;
		};
/* End XCConfigurationList section */
	};
	rootObject = 864B83A128B3D2F500926C4D /* Project object */;
}
